# This file is generated by running "yarn install" inside your project.
# Manual changes might be lost - proceed with caution!

__metadata:
  version: 4

"p-limit@npm:^2.2.2":
  version: 2.2.2
  resolution: "p-limit@npm:2.2.2"
  dependencies:
    p-try: ^2.0.0
  checksum: 6e308b5ac80d62e7a8c07ac8a884bc34858aeeed21d518640445e5005f9092678a5180793958f1b84f93cd8dfa8a145c893712e3db83510ba383f34570c3f600
  languageName: node
  linkType: hard

"p-try@npm:^2.0.0":
  version: 2.2.0
  resolution: "p-try@npm:2.2.0"
  checksum: e7dceba546bcab1c72a4c1c8af45c7017e93dcafc4bdd9bd7e78d3b155a7e74cd0ec5277f2039cbc0d538050de1cfa52e8a157a3a741c0a6de870e0f5b03da33
  languageName: node
  linkType: hard

"promise-experiments@workspace:.":
  version: 0.0.0-use.local
  resolution: "promise-experiments@workspace:."
  dependencies:
    p-limit: ^2.2.2
  languageName: unknown
  linkType: soft
